{
  "lockfileVersion": 1,
  "configVersion": 1,
  "workspaces": {
    "": {
      "name": "reai-voice-app",
      "dependencies": {
        "@floating-ui/dom": "^1.8.0",
        "fflate": "0.8.3",
        "markdown-it": "15.0.2",
        "pdfjs-dist": "6.3.289",
        "xlsx": "https://cdn.sheetjs.com/xlsx-0.20.3/xlsx-0.20.3.tgz",
      },
      "devDependencies": {
        "@happy-dom/global-registrator": "^20.0.0",
        "@reai/app-cli": "file:../../packages/cli",
        "@reai/app-contract": "file:../../packages/contract",
        "@reai/app-i18n-cli": "file:../../packages/i18n-cli",
        "@reai/app-sdk": "file:../../packages/sdk",
        "@reai/app-test": "file:../../packages/test-kit",
        "@reai/chat-ui": "file:./packages/chat-ui",
        "@types/bun": "^1.3.14",
        "typescript": "~5.6.0",
      },
    },
  },
  "overrides": {
    "@reai/app-cli": "file:../../packages/cli",
    "@reai/app-contract": "file:../../packages/contract",
    "@reai/app-sdk": "file:../../packages/sdk",
    "@reai/app-test": "file:../../packages/test-kit",
  },
  "packages": {
    "@floating-ui/core": ["@floating-ui/core@1.8.0", "https://registry.npmmirror.com/@floating-ui/core/-/core-1.8.0.tgz", { "dependencies": { "@floating-ui/utils": "^0.2.12" } }, "sha512-0CIZ5itps/8x7BG8dEIhs53BvCUH2PCoogtakwRTut+Arm58sJooJ0AuZhLw2HJYIR5cMLNPBSS728sPho2khQ=="],

    "@floating-ui/dom": ["@floating-ui/dom@1.8.0", "https://registry.npmmirror.com/@floating-ui/dom/-/dom-1.8.0.tgz", { "dependencies": { "@floating-ui/core": "^1.8.0", "@floating-ui/utils": "^0.2.12" } }, "sha512-yXSrzeHZBTZadLOlfyhCkJHNeLJnHRnRInwdZ40L7ZiaAtrBwoYlsDrX3v5zB1Utk7CLfzcOVnVVWoXEky7Ceg=="],

    "@floating-ui/utils": ["@floating-ui/utils@0.2.12", "https://registry.npmmirror.com/@floating-ui/utils/-/utils-0.2.12.tgz", {}, "sha512-HpCo8tmWzLVad5s2d19EhAz5zqrrQ6s69qd6moPMQvkOuSwDT1YgRfWSVuc4ennqrgv3OHppiOGMQ7oC13yIww=="],

    "@happy-dom/global-registrator": ["@happy-dom/global-registrator@20.12.0", "https://registry.npmmirror.com/@happy-dom/global-registrator/-/global-registrator-20.12.0.tgz", { "dependencies": { "@types/node": ">=20.0.0", "happy-dom": "^20.12.0" } }, "sha512-BUE55Rew3oMwBzwCwmUnV+Oxk51V3xolM39Ts6kGiBXNELjujiESwk9qc99JRr6cVrj3OTd9MJ5zQ2fpn+jy6g=="],

    "@napi-rs/canvas": ["@napi-rs/canvas@1.0.10", "https://registry.npmmirror.com/@napi-rs/canvas/-/canvas-1.0.10.tgz", { "optionalDependencies": { "@napi-rs/canvas-android-arm64": "1.0.10", "@napi-rs/canvas-darwin-arm64": "1.0.10", "@napi-rs/canvas-darwin-x64": "1.0.10", "@napi-rs/canvas-linux-arm-gnueabihf": "1.0.10", "@napi-rs/canvas-linux-arm64-gnu": "1.0.10", "@napi-rs/canvas-linux-arm64-musl": "1.0.10", "@napi-rs/canvas-linux-riscv64-gnu": "1.0.10", "@napi-rs/canvas-linux-x64-gnu": "1.0.10", "@napi-rs/canvas-linux-x64-musl": "1.0.10", "@napi-rs/canvas-win32-arm64-msvc": "1.0.10", "@napi-rs/canvas-win32-x64-msvc": "1.0.10" } }, "sha512-V+qptzsGnPMFxEbhwc6eDNMe5eDrfiBIp8qGpuRjAVIX4Kn2zxvwQ1Xco6Fwe+3tYIe3iLW8LM9D+SvjyJhqbQ=="],

    "@napi-rs/canvas-android-arm64": ["@napi-rs/canvas-android-arm64@1.0.10", "https://registry.npmmirror.com/@napi-rs/canvas-android-arm64/-/canvas-android-arm64-1.0.10.tgz", { "os": "android", "cpu": "arm64" }, "sha512-0sDMvme+7fj6bHERUaBs5SvEyWaORc91VUkaB4RrtG7p6dBrBNGy1of8cyEKDxygd1FlHtW+Thunj8lSixzY7A=="],

    "@napi-rs/canvas-darwin-arm64": ["@napi-rs/canvas-darwin-arm64@1.0.10", "https://registry.npmmirror.com/@napi-rs/canvas-darwin-arm64/-/canvas-darwin-arm64-1.0.10.tgz", { "os": "darwin", "cpu": "arm64" }, "sha512-pdHL1TEfFMrnchRYqmPWXKN7hR4XtOYmzJqnh4XhpfWD4/eeSokOGVzrdFP/iQ3sfr2rf0939gOGq9uCp8BGmg=="],

    "@napi-rs/canvas-darwin-x64": ["@napi-rs/canvas-darwin-x64@1.0.10", "https://registry.npmmirror.com/@napi-rs/canvas-darwin-x64/-/canvas-darwin-x64-1.0.10.tgz", { "os": "darwin", "cpu": "x64" }, "sha512-iuuk5plGxAcxurxv2ycF2yR20y5zvaBZ4heQdhPpg3EMFD21PhlY1V+YwSRmYRWzbvKL474UYdw3WIg2qfafyw=="],

    "@napi-rs/canvas-linux-arm-gnueabihf": ["@napi-rs/canvas-linux-arm-gnueabihf@1.0.10", "https://registry.npmmirror.com/@napi-rs/canvas-linux-arm-gnueabihf/-/canvas-linux-arm-gnueabihf-1.0.10.tgz", { "os": "linux", "cpu": "arm" }, "sha512-kH7GFR5Unpm77pKSEsmkqvzeQCRD7/MQ7upmeLLjg4XpQ62dX/R6THFsp6vkF1Pkco2aKUq9KhoLM4W5twdk7g=="],

    "@napi-rs/canvas-linux-arm64-gnu": ["@napi-rs/canvas-linux-arm64-gnu@1.0.10", "https://registry.npmmirror.com/@napi-rs/canvas-linux-arm64-gnu/-/canvas-linux-arm64-gnu-1.0.10.tgz", { "os": "linux", "cpu": "arm64" }, "sha512-0/Hj7IwM9pmzdwxiqkp4YLJ8dKqASBrWQ3Y7dWUSU/4dgvCL9O6YNvX7xVUJjonQvdD3IE9ESS/nXa5srQqoVw=="],

    "@napi-rs/canvas-linux-arm64-musl": ["@napi-rs/canvas-linux-arm64-musl@1.0.10", "https://registry.npmmirror.com/@napi-rs/canvas-linux-arm64-musl/-/canvas-linux-arm64-musl-1.0.10.tgz", { "os": "linux", "cpu": "arm64" }, "sha512-fmjKM0P2MLF9O6XzCQsRjhB+jlLzaf6tFQU36hMPMsYup+VThYvpjjhqNLOc/Ee3tHUE3r13H2BSJx/yXz4pFA=="],

    "@napi-rs/canvas-linux-riscv64-gnu": ["@napi-rs/canvas-linux-riscv64-gnu@1.0.10", "https://registry.npmmirror.com/@napi-rs/canvas-linux-riscv64-gnu/-/canvas-linux-riscv64-gnu-1.0.10.tgz", { "os": "linux", "cpu": "none" }, "sha512-O/BUrGwrs3pVP9PpD/3++ZiOpjHMJlmiB7aBgswP8rbe4egPfiFkFxmcCczoLvZa72TaQX5lJ8Udedb6rc/Hvg=="],

    "@napi-rs/canvas-linux-x64-gnu": ["@napi-rs/canvas-linux-x64-gnu@1.0.10", "https://registry.npmmirror.com/@napi-rs/canvas-linux-x64-gnu/-/canvas-linux-x64-gnu-1.0.10.tgz", { "os": "linux", "cpu": "x64" }, "sha512-48HkZPQeAN/R+9NPpY64tceoyCUW5xYYtHKZnC+BG11qiihXJCbH+xfbgGU+OdYp1Q4s84HDl9ILU0KBK6SBOQ=="],

    "@napi-rs/canvas-linux-x64-musl": ["@napi-rs/canvas-linux-x64-musl@1.0.10", "https://registry.npmmirror.com/@napi-rs/canvas-linux-x64-musl/-/canvas-linux-x64-musl-1.0.10.tgz", { "os": "linux", "cpu": "x64" }, "sha512-QYHVi7WZ9v+Wm9OQyHLMTnJ8QiBPVX94BgbCHFJC/4bCFMfvX7fRzo4FJPgkRP0ISz3ulYNow/FCbQOPjzhYjg=="],

    "@napi-rs/canvas-win32-arm64-msvc": ["@napi-rs/canvas-win32-arm64-msvc@1.0.10", "https://registry.npmmirror.com/@napi-rs/canvas-win32-arm64-msvc/-/canvas-win32-arm64-msvc-1.0.10.tgz", { "os": "win32", "cpu": "arm64" }, "sha512-bWK+YajM/8sL0mMgLtug2s063FVBPzFV4QAn987CQomMKlmzrBY6Trz43KY+24hq7IOa3qNhUAgP/XMEF50ZEQ=="],

    "@napi-rs/canvas-win32-x64-msvc": ["@napi-rs/canvas-win32-x64-msvc@1.0.10", "https://registry.npmmirror.com/@napi-rs/canvas-win32-x64-msvc/-/canvas-win32-x64-msvc-1.0.10.tgz", { "os": "win32", "cpu": "x64" }, "sha512-9WtzW85PaIhtB27iXaR/9RrLCqHLbqD3Z8Q+kh17NjFxwQXFXU5vWbYH4vEH+drM307TTyK3hidZgpt09G5T3g=="],

    "@reai/app-cli": ["@reai/app-cli@file:../../packages/cli", { "dependencies": { "@happy-dom/global-registrator": "^20.0.0", "@reai/app-contract": "1.16.0", "@reai/app-sdk": "1.16.0", "@reai/app-test": "1.2.0" }, "devDependencies": { "typescript": "~5.6.0" }, "bin": { "reai-app": "./src/cli.ts" } }],

    "@reai/app-contract": ["@reai/app-contract@file:../../packages/contract", {}],

    "@reai/app-i18n-cli": ["@reai/app-i18n-cli@file:../../packages/i18n-cli", { "dependencies": { "@reai/app-cli": "1.2.0", "@reai/app-contract": "1.19.0" }, "devDependencies": { "typescript": "~5.6.0" }, "bin": { "reai-app-i18n": "./src/cli.ts" } }],

    "@reai/app-sdk": ["@reai/app-sdk@file:../../packages/sdk", { "devDependencies": { "@reai/app-contract": "1.17.0", "typescript": "~5.6.0" } }],

    "@reai/app-test": ["@reai/app-test@file:../../packages/test-kit", { "dependencies": { "@reai/app-sdk": "1.17.0" }, "devDependencies": { "typescript": "~5.6.0" } }],

    "@reai/chat-ui": ["@reai/chat-ui@file:packages/chat-ui", { "devDependencies": { "typescript": "~5.6.0" } }],

    "@types/bun": ["@types/bun@1.4.0", "https://registry.npmmirror.com/@types/bun/-/bun-1.4.0.tgz", { "dependencies": { "bun-types": "1.4.0" } }, "sha512-K+lZULY23vRgK/CfTjFIV+tyifaNdSMlPh9j+6mQ/cLfpOznLyAuzgV/JQysyECpkBQLVMSyvjlr2fBUSA9wFQ=="],

    "@types/node": ["@types/node@26.4.0", "https://registry.npmmirror.com/@types/node/-/node-26.4.0.tgz", { "dependencies": { "undici-types": "~8.3.0" } }, "sha512-faiGnoIrLH/V8cibOMEAZ8pMw6oXqSukl29ra4mN8GdaB2ZewzeaLj+INpV5N+Z1eKWzY+IzaIZH2EIR6YZRNQ=="],

    "@types/whatwg-mimetype": ["@types/whatwg-mimetype@3.0.2", "https://registry.npmmirror.com/@types/whatwg-mimetype/-/whatwg-mimetype-3.0.2.tgz", {}, "sha512-c2AKvDT8ToxLIOUlN51gTiHXflsfIFisS4pO7pDPoKouJCESkhZnEy623gwP9laCy5lnLDAw1vAzu2vM2YLOrA=="],

    "@types/ws": ["@types/ws@8.18.1", "https://registry.npmmirror.com/@types/ws/-/ws-8.18.1.tgz", { "dependencies": { "@types/node": "*" } }, "sha512-ThVF6DCVhA8kUGy+aazFQ4kXQ7E1Ty7A3ypFOe0IcJV8O/M511G99AW24irKrW56Wt44yG9+ij8FaqoBGkuBXg=="],

    "argparse": ["argparse@3.0.2", "https://registry.npmmirror.com/argparse/-/argparse-3.0.2.tgz", {}, "sha512-mFdDM6WqWKraGLsVb+C9CahPnzTXOefAOLq3jYcca2YZ8bEWpr++Tzj+zSaKW9+X9L5uSxcm1AZ3Y6aZJ09OhQ=="],

    "buffer-image-size": ["buffer-image-size@0.6.4", "https://registry.npmmirror.com/buffer-image-size/-/buffer-image-size-0.6.4.tgz", { "dependencies": { "@types/node": "*" } }, "sha512-nEh+kZOPY1w+gcCMobZ6ETUp9WfibndnosbpwB1iJk/8Gt5ZF2bhS6+B6bPYz424KtwsR6Rflc3tCz1/ghX2dQ=="],

    "bun-types": ["bun-types@1.4.0", "https://registry.npmmirror.com/bun-types/-/bun-types-1.4.0.tgz", { "dependencies": { "@types/node": "*" } }, "sha512-iIKw23BspnQQYd3prITOBxeUsxBHnwzX6YJfGMuNOZzeNcMmVqzIIVGRm1l69ogaPQmb4wB6BN8mA5bE9YuC5Q=="],

    "entities": ["entities@8.1.0", "https://registry.npmmirror.com/entities/-/entities-8.1.0.tgz", {}, "sha512-kxL7msIffSuh9aaFAMD7rxAIuTRMAHMeBtgHW2yUdWw732ZNh4MehkF2gdjvtdmikkaIP9bFDDJOPlsvm7avrA=="],

    "fflate": ["fflate@0.8.3", "https://registry.npmmirror.com/fflate/-/fflate-0.8.3.tgz", {}, "sha512-tbZNuJrLwGUp3zshBtdy4W+ORxZuIh8a5ilyIEQDC5rY1f3U20JMry0Ll3WBzU58EZKsEuJFXhb5gwv8CsPvgA=="],

    "happy-dom": ["happy-dom@20.12.0", "https://registry.npmmirror.com/happy-dom/-/happy-dom-20.12.0.tgz", { "dependencies": { "@types/node": ">=20.0.0", "@types/whatwg-mimetype": "^3.0.2", "@types/ws": "^8.18.1", "buffer-image-size": "^0.6.4", "entities": "^7.0.1", "whatwg-mimetype": "^3.0.0", "ws": "^8.21.0" } }, "sha512-7uMYJu2SEwwL8vVcKp0C0lnt6d2LSGGe+T+oY79PiCJNNSgFpbxW8n5KuzpDQvrU4mt+fYiK1+Jy7Z2v39YR6g=="],

    "linkify-it": ["linkify-it@6.1.0", "https://registry.npmmirror.com/linkify-it/-/linkify-it-6.1.0.tgz", { "dependencies": { "uc.micro": "^3.0.0" } }, "sha512-wJ/TwpSDTLepCrQoYWYIExIKg5Zchex2Nn5yk2mFnB+6PtdkHtyLx742md9csRjjOnGkKIS/RrbY7l8D6gT9Vw=="],

    "markdown-it": ["markdown-it@15.0.2", "https://registry.npmmirror.com/markdown-it/-/markdown-it-15.0.2.tgz", { "dependencies": { "argparse": "^3.0.0", "entities": "^8.0.0", "linkify-it": "^6.0.0", "mdurl": "^2.1.0", "punycode.js": "^2.3.1", "uc.micro": "^3.0.0" }, "bin": { "markdown-it": "bin/markdown-it.mjs" } }, "sha512-q4IGxMv56jCqT4OCRCADBoDP3LO4MhmTXjFbphHPXs4g3j9Xg5RDnxqN8IF/3vIWEU+VCnUq+7JUg/cfy2E6Qw=="],

    "mdurl": ["mdurl@2.1.0", "https://registry.npmmirror.com/mdurl/-/mdurl-2.1.0.tgz", {}, "sha512-1+HBaOx0zi/dQWht8rNv9MYf9qqpqL/kxI0hXImU6Y547zM6Sni8BQibt7ifgMcYtQg41ao3Ivd6cnSM86inpg=="],

    "pdfjs-dist": ["pdfjs-dist@6.3.289", "https://registry.npmmirror.com/pdfjs-dist/-/pdfjs-dist-6.3.289.tgz", { "optionalDependencies": { "@napi-rs/canvas": "^1.0.0" } }, "sha512-ZHjSVpDa3D6izMq8/04lvkhkATUmL9px6ChPaXc1k6nU2Mrhlg1/7F0bdUqCwUjw3NsPTfPZsMDUU6ZIcRaeQw=="],

    "punycode.js": ["punycode.js@2.3.1", "https://registry.npmmirror.com/punycode.js/-/punycode.js-2.3.1.tgz", {}, "sha512-uxFIHU0YlHYhDQtV4R9J6a52SLx28BCjT+4ieh7IGbgwVJWO+km431c4yRlREUAsAmt/uMjQUyQHNEPf0M39CA=="],

    "typescript": ["typescript@5.6.3", "https://registry.npmmirror.com/typescript/-/typescript-5.6.3.tgz", { "bin": { "tsc": "bin/tsc", "tsserver": "bin/tsserver" } }, "sha512-hjcS1mhfuyi4WW8IWtjP7brDrG2cuDZukyrYrSauoXGNgx0S7zceP07adYkJycEr56BOUTNPzbInooiN3fn1qw=="],

    "uc.micro": ["uc.micro@3.0.0", "https://registry.npmmirror.com/uc.micro/-/uc.micro-3.0.0.tgz", {}, "sha512-U3PppEkleoTnIfi8BozMx3yju3qc/L6SwqWo2Sw+54PX+PX0q9I+r1Um5HCmqD7n9VDX5/v3vQH/AjA6deDdtw=="],

    "undici-types": ["undici-types@8.3.0", "https://registry.npmmirror.com/undici-types/-/undici-types-8.3.0.tgz", {}, "sha512-j375ScV60dom+YkPFIfTLcOiPxkN/buHz5GobjLhixFuANaNs3C9l4GmrWqejgXWJ7BbJcFYpTEUkS1Ge8bpZQ=="],

    "whatwg-mimetype": ["whatwg-mimetype@3.0.0", "https://registry.npmmirror.com/whatwg-mimetype/-/whatwg-mimetype-3.0.0.tgz", {}, "sha512-nt+N2dzIutVRxARx1nghPKGv1xHikU7HKdfafKkLNLindmPU/ch3U31NOCGGA/dmPcmb1VlofO0vnKAcsm0o/Q=="],

    "ws": ["ws@8.21.3", "https://registry.npmmirror.com/ws/-/ws-8.21.3.tgz", { "peerDependencies": { "bufferutil": "^4.0.1", "utf-8-validate": ">=5.0.2" }, "optionalPeers": ["bufferutil", "utf-8-validate"] }, "sha512-201TZ/kPWxoPr/OKWjquZR1SWKXcvxdH+e1xrx89b3YbmzLMFCLfnaG1HFIgWzJOEWZ7MvpK++odZufgYR50Rw=="],

    "xlsx": ["xlsx@https://cdn.sheetjs.com/xlsx-0.20.3/xlsx-0.20.3.tgz", { "bin": { "xlsx": "./bin/xlsx.njs" } }, "sha512-oLDq3jw7AcLqKWH2AhCpVTZl8mf6X2YReP+Neh0SJUzV/BdZYjth94tG5toiMB1PPrYtxOCfaoUCkvtuH+3AJA=="],

    "@reai/app-cli/@reai/app-contract": ["@reai/app-contract@file:../../packages/contract", {}],

    "@reai/app-cli/@reai/app-sdk": ["@reai/app-sdk@file:../../packages/sdk", { "devDependencies": { "@reai/app-contract": "1.17.0", "typescript": "~5.6.0" } }],

    "@reai/app-cli/@reai/app-test": ["@reai/app-test@file:../../packages/test-kit", { "dependencies": { "@reai/app-sdk": "1.17.0" }, "devDependencies": { "typescript": "~5.6.0" } }],

    "@reai/app-i18n-cli/@reai/app-cli": ["@reai/app-cli@file:../../packages/cli", { "dependencies": { "@happy-dom/global-registrator": "^20.0.0", "@reai/app-contract": "1.16.0", "@reai/app-sdk": "1.16.0", "@reai/app-test": "1.2.0" }, "devDependencies": { "typescript": "~5.6.0" }, "bin": { "reai-app": "./src/cli.ts" } }],

    "@reai/app-i18n-cli/@reai/app-contract": ["@reai/app-contract@file:../../packages/contract", {}],

    "@reai/app-sdk/@reai/app-contract": ["@reai/app-contract@file:../../packages/contract", {}],

    "@reai/app-test/@reai/app-sdk": ["@reai/app-sdk@file:../../packages/sdk", { "devDependencies": { "@reai/app-contract": "1.17.0", "typescript": "~5.6.0" } }],

    "happy-dom/entities": ["entities@7.0.1", "https://registry.npmmirror.com/entities/-/entities-7.0.1.tgz", {}, "sha512-TWrgLOFUQTH994YUyl1yT4uyavY5nNB5muff+RtWaqNVCAK408b5ZnnbNAUEWLTCpum9w6arT70i1XdQ4UeOPA=="],

    "@reai/app-cli/@reai/app-sdk/@reai/app-contract": ["@reai/app-contract@file:../../packages/contract", {}],

    "@reai/app-cli/@reai/app-test/@reai/app-sdk": ["@reai/app-sdk@file:../../packages/sdk", { "devDependencies": { "@reai/app-contract": "1.17.0", "typescript": "~5.6.0" } }],

    "@reai/app-i18n-cli/@reai/app-cli/@reai/app-contract": ["@reai/app-contract@file:../../packages/contract", {}],

    "@reai/app-i18n-cli/@reai/app-cli/@reai/app-sdk": ["@reai/app-sdk@file:../../packages/sdk", { "devDependencies": { "@reai/app-contract": "1.17.0", "typescript": "~5.6.0" } }],

    "@reai/app-i18n-cli/@reai/app-cli/@reai/app-test": ["@reai/app-test@file:../../packages/test-kit", { "dependencies": { "@reai/app-sdk": "1.17.0" }, "devDependencies": { "typescript": "~5.6.0" } }],

    "@reai/app-test/@reai/app-sdk/@reai/app-contract": ["@reai/app-contract@file:../../packages/contract", {}],

    "@reai/app-cli/@reai/app-test/@reai/app-sdk/@reai/app-contract": ["@reai/app-contract@file:../../packages/contract", {}],

    "@reai/app-i18n-cli/@reai/app-cli/@reai/app-sdk/@reai/app-contract": ["@reai/app-contract@file:../../packages/contract", {}],

    "@reai/app-i18n-cli/@reai/app-cli/@reai/app-test/@reai/app-sdk": ["@reai/app-sdk@file:../../packages/sdk", { "devDependencies": { "@reai/app-contract": "1.17.0", "typescript": "~5.6.0" } }],

    "@reai/app-i18n-cli/@reai/app-cli/@reai/app-test/@reai/app-sdk/@reai/app-contract": ["@reai/app-contract@file:../../packages/contract", {}],
  }
}
